
Microsoft Visual Studio Solution File, Format Version 12.00
# Visual Studio Version 16
VisualStudioVersion = 16.0.30804.86
MinimumVisualStudioVersion = 10.0.40219.1
Project("{9A19103F-16F7-4668-BE54-9A1E7A4F7556}") = "Eight", "Eight.csproj", "{214160E9-7FFB-40F2-8AF0-C8D71AF19382}"
EndProject
Project("{D954291E-2A0B-460D-934E-DC6B0785DB48}") = "Lua", "Lua\Lua.shproj", "{BCC93A53-BCC0-4413-B72A-F137ADE1A909}"
EndProject
Global
	GlobalSection(SharedMSBuildProjectFiles) = preSolution
		Lua\Lua.projitems*{214160e9-7ffb-40f2-8af0-c8d71af19382}*SharedItemsImports = 5
		Lua\Lua.projitems*{bcc93a53-bcc0-4413-b72a-f137ade1a909}*SharedItemsImports = 13
	EndGlobalSection
	GlobalSection(SolutionConfigurationPlatforms) = preSolution
		Debug|Any CPU = Debug|Any CPU
		Release|Any CPU = Release|Any CPU
	EndGlobalSection
	GlobalSection(ProjectConfigurationPlatforms) = postSolution
		{214160E9-7FFB-40F2-8AF0-C8D71AF19382}.Debug|Any CPU.ActiveCfg = Debug|Any CPU
		{214160E9-7FFB-40F2-8AF0-C8D71AF19382}.Debug|Any CPU.Build.0 = Debug|Any CPU
		{214160E9-7FFB-40F2-8AF0-C8D71AF19382}.Release|Any CPU.ActiveCfg = Release|Any CPU
		{214160E9-7FFB-40F2-8AF0-C8D71AF19382}.Release|Any CPU.Build.0 = Release|Any CPU
	EndGlobalSection
	GlobalSection(SolutionProperties) = preSolution
		HideSolutionNode = FALSE
	EndGlobalSection
	GlobalSection(ExtensibilityGlobals) = postSolution
		SolutionGuid = {4B175FCB-0F29-47E4-85C5-AD3DE33970E2}
	EndGlobalSection
EndGlobal
